
Microsoft Visual Studio Solution File, Format Version 12.00
# Visual Studio Version 16
VisualStudioVersion = 16.0.30413.136
MinimumVisualStudioVersion = 10.0.40219.1
Project("{FAE04EC0-301F-11D3-BF4B-00C04F79EFBC}") = "FitSheet.Android", "FitSheet\FitSheet.Android\FitSheet.Android.csproj", "{594CE71D-E56E-4A3F-922C-CA79A669745A}"
EndProject
Project("{FAE04EC0-301F-11D3-BF4B-00C04F79EFBC}") = "FitSheet", "FitSheet\FitSheet\FitSheet.csproj", "{4781AD94-44B7-4E22-868B-D0F9932F4CCF}"
EndProject
Global
	GlobalSection(SolutionConfigurationPlatforms) = preSolution
		Debug|Any CPU = Debug|Any CPU
		Release|Any CPU = Release|Any CPU
	EndGlobalSection
	GlobalSection(ProjectConfigurationPlatforms) = postSolution
		{594CE71D-E56E-4A3F-922C-CA79A669745A}.Debug|Any CPU.ActiveCfg = Debug|Any CPU
		{594CE71D-E56E-4A3F-922C-CA79A669745A}.Debug|Any CPU.Build.0 = Debug|Any CPU
		{594CE71D-E56E-4A3F-922C-CA79A669745A}.Debug|Any CPU.Deploy.0 = Debug|Any CPU
		{594CE71D-E56E-4A3F-922C-CA79A669745A}.Release|Any CPU.ActiveCfg = Release|Any CPU
		{594CE71D-E56E-4A3F-922C-CA79A669745A}.Release|Any CPU.Build.0 = Release|Any CPU
		{594CE71D-E56E-4A3F-922C-CA79A669745A}.Release|Any CPU.Deploy.0 = Release|Any CPU
		{4781AD94-44B7-4E22-868B-D0F9932F4CCF}.Debug|Any CPU.ActiveCfg = Debug|Any CPU
		{4781AD94-44B7-4E22-868B-D0F9932F4CCF}.Debug|Any CPU.Build.0 = Debug|Any CPU
		{4781AD94-44B7-4E22-868B-D0F9932F4CCF}.Debug|Any CPU.Deploy.0 = Debug|Any CPU
		{4781AD94-44B7-4E22-868B-D0F9932F4CCF}.Release|Any CPU.ActiveCfg = Release|Any CPU
		{4781AD94-44B7-4E22-868B-D0F9932F4CCF}.Release|Any CPU.Build.0 = Release|Any CPU
		{4781AD94-44B7-4E22-868B-D0F9932F4CCF}.Release|Any CPU.Deploy.0 = Release|Any CPU
	EndGlobalSection
	GlobalSection(SolutionProperties) = preSolution
		HideSolutionNode = FALSE
	EndGlobalSection
	GlobalSection(ExtensibilityGlobals) = postSolution
		SolutionGuid = {ACE62678-82D5-412F-A428-F7747C31951B}
	EndGlobalSection
EndGlobal
